
Microsoft Visual Studio Solution File, Format Version 12.00
# Visual Studio 15
VisualStudioVersion = 15.0.28307.421
MinimumVisualStudioVersion = 10.0.40219.1
Project("{FAE04EC0-301F-11D3-BF4B-00C04F79EFBC}") = "TS GameEngine", "TS GameEngine\TS GameEngine.csproj", "{EC55B3C6-0F48-407E-9A95-A4B0C8E37744}"
EndProject
Global
	GlobalSection(SolutionConfigurationPlatforms) = preSolution
		Debug|Any CPU = Debug|Any CPU
		Release|Any CPU = Release|Any CPU
	EndGlobalSection
	GlobalSection(ProjectConfigurationPlatforms) = postSolution
		{EC55B3C6-0F48-407E-9A95-A4B0C8E37744}.Debug|Any CPU.ActiveCfg = Debug|Any CPU
		{EC55B3C6-0F48-407E-9A95-A4B0C8E37744}.Debug|Any CPU.Build.0 = Debug|Any CPU
		{EC55B3C6-0F48-407E-9A95-A4B0C8E37744}.Release|Any CPU.ActiveCfg = Release|Any CPU
		{EC55B3C6-0F48-407E-9A95-A4B0C8E37744}.Release|Any CPU.Build.0 = Release|Any CPU
	EndGlobalSection
	GlobalSection(SolutionProperties) = preSolution
		HideSolutionNode = FALSE
	EndGlobalSection
	GlobalSection(ExtensibilityGlobals) = postSolution
		SolutionGuid = {0223A1DD-0681-421F-93FE-F16367C11ECD}
	EndGlobalSection
EndGlobal
